
Microsoft Visual Studio Solution File, Format Version 12.00
# Visual Studio Version 16
VisualStudioVersion = 16.0.29215.179
MinimumVisualStudioVersion = 10.0.40219.1
Project("{9A19103F-16F7-4668-BE54-9A1E7A4F7556}") = "Tools.Tests", "Tools.Tests\Tools.Tests.csproj", "{30EFE4AC-8665-40BE-A054-610A5883AD52}"
EndProject
Project("{FAE04EC0-301F-11D3-BF4B-00C04F79EFBC}") = "Tools", "Tools\Tools.csproj", "{0BE7B7DE-C835-4D93-B856-0B9981D51C0C}"
EndProject
Global
	GlobalSection(SolutionConfigurationPlatforms) = preSolution
		Debug|Any CPU = Debug|Any CPU
		Release|Any CPU = Release|Any CPU
	EndGlobalSection
	GlobalSection(ProjectConfigurationPlatforms) = postSolution
		{30EFE4AC-8665-40BE-A054-610A5883AD52}.Debug|Any CPU.ActiveCfg = Debug|Any CPU
		{30EFE4AC-8665-40BE-A054-610A5883AD52}.Debug|Any CPU.Build.0 = Debug|Any CPU
		{30EFE4AC-8665-40BE-A054-610A5883AD52}.Release|Any CPU.ActiveCfg = Release|Any CPU
		{30EFE4AC-8665-40BE-A054-610A5883AD52}.Release|Any CPU.Build.0 = Release|Any CPU
		{0BE7B7DE-C835-4D93-B856-0B9981D51C0C}.Debug|Any CPU.ActiveCfg = Debug|Any CPU
		{0BE7B7DE-C835-4D93-B856-0B9981D51C0C}.Debug|Any CPU.Build.0 = Debug|Any CPU
		{0BE7B7DE-C835-4D93-B856-0B9981D51C0C}.Release|Any CPU.ActiveCfg = Release|Any CPU
		{0BE7B7DE-C835-4D93-B856-0B9981D51C0C}.Release|Any CPU.Build.0 = Release|Any CPU
	EndGlobalSection
	GlobalSection(SolutionProperties) = preSolution
		HideSolutionNode = FALSE
	EndGlobalSection
	GlobalSection(ExtensibilityGlobals) = postSolution
		SolutionGuid = {D6100C0D-D648-4979-A32F-03B3B6BF01FE}
	EndGlobalSection
EndGlobal
